
Microsoft Visual Studio Solution File, Format Version 12.00
# Visual Studio 14
VisualStudioVersion = 14.0.23107.0
MinimumVisualStudioVersion = 10.0.40219.1
Project("{FAE04EC0-301F-11D3-BF4B-00C04F79EFBC}") = "01. Cubic Artillery", "01. Cubic Artillery\01. Cubic Artillery.csproj", "{B31E84F3-E31D-46CE-A396-80569679865B}"
EndProject
Project("{FAE04EC0-301F-11D3-BF4B-00C04F79EFBC}") = "02. Cubic Rube", "02. Cubic Rube\02. Cubic Rube.csproj", "{97082A64-E562-482F-967C-77D356D20BE6}"
EndProject
Project("{FAE04EC0-301F-11D3-BF4B-00C04F79EFBC}") = "03. Cubic Messages", "03. Cubic Messages\03. Cubic Messages.csproj", "{193D1E6D-D6F5-4303-A07D-70F9C2F1A1C2}"
EndProject
Project("{FAE04EC0-301F-11D3-BF4B-00C04F79EFBC}") = "04. Cubic Assault", "04. Cubic Assault\04. Cubic Assault.csproj", "{0976DC08-777E-4B95-823B-63B44CD3E1A8}"
EndProject
Global
	GlobalSection(SolutionConfigurationPlatforms) = preSolution
		Debug|Any CPU = Debug|Any CPU
		Release|Any CPU = Release|Any CPU
	EndGlobalSection
	GlobalSection(ProjectConfigurationPlatforms) = postSolution
		{B31E84F3-E31D-46CE-A396-80569679865B}.Debug|Any CPU.ActiveCfg = Debug|Any CPU
		{B31E84F3-E31D-46CE-A396-80569679865B}.Debug|Any CPU.Build.0 = Debug|Any CPU
		{B31E84F3-E31D-46CE-A396-80569679865B}.Release|Any CPU.ActiveCfg = Release|Any CPU
		{B31E84F3-E31D-46CE-A396-80569679865B}.Release|Any CPU.Build.0 = Release|Any CPU
		{97082A64-E562-482F-967C-77D356D20BE6}.Debug|Any CPU.ActiveCfg = Debug|Any CPU
		{97082A64-E562-482F-967C-77D356D20BE6}.Debug|Any CPU.Build.0 = Debug|Any CPU
		{97082A64-E562-482F-967C-77D356D20BE6}.Release|Any CPU.ActiveCfg = Release|Any CPU
		{97082A64-E562-482F-967C-77D356D20BE6}.Release|Any CPU.Build.0 = Release|Any CPU
		{193D1E6D-D6F5-4303-A07D-70F9C2F1A1C2}.Debug|Any CPU.ActiveCfg = Debug|Any CPU
		{193D1E6D-D6F5-4303-A07D-70F9C2F1A1C2}.Debug|Any CPU.Build.0 = Debug|Any CPU
		{193D1E6D-D6F5-4303-A07D-70F9C2F1A1C2}.Release|Any CPU.ActiveCfg = Release|Any CPU
		{193D1E6D-D6F5-4303-A07D-70F9C2F1A1C2}.Release|Any CPU.Build.0 = Release|Any CPU
		{0976DC08-777E-4B95-823B-63B44CD3E1A8}.Debug|Any CPU.ActiveCfg = Debug|Any CPU
		{0976DC08-777E-4B95-823B-63B44CD3E1A8}.Debug|Any CPU.Build.0 = Debug|Any CPU
		{0976DC08-777E-4B95-823B-63B44CD3E1A8}.Release|Any CPU.ActiveCfg = Release|Any CPU
		{0976DC08-777E-4B95-823B-63B44CD3E1A8}.Release|Any CPU.Build.0 = Release|Any CPU
	EndGlobalSection
	GlobalSection(SolutionProperties) = preSolution
		HideSolutionNode = FALSE
	EndGlobalSection
EndGlobal
